<?xml version="1.0" encoding="utf-8"?>
<Project ToolsVersion="4.0" xmlns="http://schemas.microsoft.com/developer/msbuild/2003">
  <ItemGroup>
    <Filter Include="Source Files">
      <UniqueIdentifier>{e749f6ea-4449-43ca-8c5e-892d3dcbd7f4}</UniqueIdentifier>
      <Extensions>cpp;c;cxx;rc;def;r;odl;idl;hpj;bat</Extensions>
    </Filter>
    <Filter Include="Header Files">
      <UniqueIdentifier>{5851a891-f249-4549-b338-b297424efce0}</UniqueIdentifier>
      <Extensions>h;hpp;hxx;hm;inl</Extensions>
    </Filter>
    <Filter Include="MessagePort">
      <UniqueIdentifier>{1ff39d57-16ce-40a2-8eeb-2c10afe62680}</UniqueIdentifier>
    </Filter>
  </ItemGroup>
  <ItemGroup>
    <ClCompile Include="BaseFunc.cpp">
      <Filter>Source Files</Filter>
    </ClCompile>
    <ClCompile Include="IniFile.cpp">
      <Filter>Source Files</Filter>
    </ClCompile>
    <ClCompile Include="logfile.cpp">
      <Filter>Source Files</Filter>
    </ClCompile>
    <ClCompile Include="MemMonitor.cpp">
      <Filter>Source Files</Filter>
    </ClCompile>
    <ClCompile Include="MxyString.cpp">
      <Filter>Source Files</Filter>
    </ClCompile>
    <ClCompile Include="MyHeap.cpp">
      <Filter>Source Files</Filter>
    </ClCompile>
    <ClCompile Include="NetStringPacker.cpp">
      <Filter>Source Files</Filter>
    </ClCompile>
    <ClCompile Include="PerformanceStatistics.cpp">
      <Filter>Source Files</Filter>
    </ClCompile>
    <ClCompile Include="SymEngine.cpp">
      <Filter>Source Files</Filter>
    </ClCompile>
    <ClCompile Include="ThreadBase.cpp">
      <Filter>Source Files</Filter>
    </ClCompile>
    <ClCompile Include="TimeOut.cpp">
      <Filter>Source Files</Filter>
    </ClCompile>
    <ClCompile Include="VarType.cpp">
      <Filter>Source Files</Filter>
    </ClCompile>
    <ClCompile Include="messageport.cpp">
      <Filter>MessagePort</Filter>
    </ClCompile>
  </ItemGroup>
  <ItemGroup>
    <ClInclude Include="Array.h">
      <Filter>Header Files</Filter>
    </ClInclude>
    <ClInclude Include="AutoLink.h">
      <Filter>Header Files</Filter>
    </ClInclude>
    <ClInclude Include="AutoLinkSet.h">
      <Filter>Header Files</Filter>
    </ClInclude>
    <ClInclude Include="AutoPtr.h">
      <Filter>Header Files</Filter>
    </ClInclude>
    <ClInclude Include="BaseFunc.h">
      <Filter>Header Files</Filter>
    </ClInclude>
    <ClInclude Include="basetype.h">
      <Filter>Header Files</Filter>
    </ClInclude>
    <ClInclude Include="common.h">
      <Filter>Header Files</Filter>
    </ClInclude>
    <ClInclude Include="GameObjArray.h">
      <Filter>Header Files</Filter>
    </ClInclude>
    <ClInclude Include="GameObjSet.h">
      <Filter>Header Files</Filter>
    </ClInclude>
    <ClInclude Include="IniFile.h">
      <Filter>Header Files</Filter>
    </ClInclude>
    <ClInclude Include="logfile.h">
      <Filter>Header Files</Filter>
    </ClInclude>
    <ClInclude Include="MemMonitor.h">
      <Filter>Header Files</Filter>
    </ClInclude>
    <ClInclude Include="MxyString.h">
      <Filter>Header Files</Filter>
    </ClInclude>
    <ClInclude Include="MyArray.h">
      <Filter>Header Files</Filter>
    </ClInclude>
    <ClInclude Include="mycom.h">
      <Filter>Header Files</Filter>
    </ClInclude>
    <ClInclude Include="MyHeap.h">
      <Filter>Header Files</Filter>
    </ClInclude>
    <ClInclude Include="MyStack.h">
      <Filter>Header Files</Filter>
    </ClInclude>
    <ClInclude Include="MyString.h">
      <Filter>Header Files</Filter>
    </ClInclude>
    <ClInclude Include="NetStringPacker.h">
      <Filter>Header Files</Filter>
    </ClInclude>
    <ClInclude Include="PerformanceStatistics.h">
      <Filter>Header Files</Filter>
    </ClInclude>
    <ClInclude Include="SymEngine.h">
      <Filter>Header Files</Filter>
    </ClInclude>
    <ClInclude Include="T_MyQueue.h">
      <Filter>Header Files</Filter>
    </ClInclude>
    <ClInclude Include="T_SafePtr.h">
      <Filter>Header Files</Filter>
    </ClInclude>
    <ClInclude Include="T_SafeVector.h">
      <Filter>Header Files</Filter>
    </ClInclude>
    <ClInclude Include="T_SingleMap.h">
      <Filter>Header Files</Filter>
    </ClInclude>
    <ClInclude Include="ThreadBase.h">
      <Filter>Header Files</Filter>
    </ClInclude>
    <ClInclude Include="TimeOut.h">
      <Filter>Header Files</Filter>
    </ClInclude>
    <ClInclude Include="TMemoryData.h">
      <Filter>Header Files</Filter>
    </ClInclude>
    <ClInclude Include="TypeDef.h">
      <Filter>Header Files</Filter>
    </ClInclude>
    <ClInclude Include="VarType.h">
      <Filter>Header Files</Filter>
    </ClInclude>
    <ClInclude Include="I_MessagePort.h">
      <Filter>MessagePort</Filter>
    </ClInclude>
    <ClInclude Include="MessagePort.h">
      <Filter>MessagePort</Filter>
    </ClInclude>
  </ItemGroup>
</Project>