<?xml version="1.0" encoding="utf-8"?>
<Project ToolsVersion="4.0" xmlns="http://schemas.microsoft.com/developer/msbuild/2003">
  <ItemGroup>
    <Filter Include="Header">
      <UniqueIdentifier>{93995380-89BD-4b04-88EB-625FBE52EBFB}</UniqueIdentifier>
      <Extensions>h;hpp;hxx;hm;inl;inc;xsd</Extensions>
    </Filter>
    <Filter Include="Source">
      <UniqueIdentifier>{4FC737F1-C7A5-4376-A066-2A32D752A2FF}</UniqueIdentifier>
      <Extensions>cpp;c;cc;cxx;def;odl;idl;hpj;bat;asm;asmx</Extensions>
    </Filter>
    <Filter Include="Resource">
      <UniqueIdentifier>{67DA6AB6-F800-4c08-8B7A-83BB121AAD01}</UniqueIdentifier>
      <Extensions>rc;ico;cur;bmp;dlg;rc2;rct;bin;rgs;gif;jpg;jpeg;jpe;resx;tiff;tif;png;wav;mfcribbon-ms</Extensions>
    </Filter>
    <Filter Include="Include">
      <UniqueIdentifier>{b3885570-10e2-43f2-b663-f315b2e43dc7}</UniqueIdentifier>
    </Filter>
    <Filter Include="Vision">
      <UniqueIdentifier>{4e374796-3854-4a5f-aba6-dbedaa1d4a91}</UniqueIdentifier>
    </Filter>
  </ItemGroup>
  <ItemGroup>
    <Text Include="ReadMe.txt" />
  </ItemGroup>
  <ItemGroup>
    <ClInclude Include="TestClient.h">
      <Filter>Header</Filter>
    </ClInclude>
    <ClInclude Include="TestClientDlg.h">
      <Filter>Header</Filter>
    </ClInclude>
    <ClInclude Include="stdafx.h">
      <Filter>Header</Filter>
    </ClInclude>
    <ClInclude Include="targetver.h">
      <Filter>Header</Filter>
    </ClInclude>
    <ClInclude Include="Resource.h">
      <Filter>Header</Filter>
    </ClInclude>
    <ClInclude Include="..\Include\Include.h">
      <Filter>Include</Filter>
    </ClInclude>
    <ClInclude Include="..\Include\EnumDef.h">
      <Filter>Include</Filter>
    </ClInclude>
    <ClInclude Include="..\Include\ConstDef.h">
      <Filter>Include</Filter>
    </ClInclude>
    <ClInclude Include="version.h">
      <Filter>Vision</Filter>
    </ClInclude>
    <ClInclude Include="version_template.h">
      <Filter>Vision</Filter>
    </ClInclude>
    <ClInclude Include="..\Include\StructDef.h">
      <Filter>Include</Filter>
    </ClInclude>
  </ItemGroup>
  <ItemGroup>
    <ClCompile Include="TestClient.cpp">
      <Filter>Source</Filter>
    </ClCompile>
    <ClCompile Include="TestClientDlg.cpp">
      <Filter>Source</Filter>
    </ClCompile>
    <ClCompile Include="stdafx.cpp">
      <Filter>Source</Filter>
    </ClCompile>
  </ItemGroup>
  <ItemGroup>
    <ResourceCompile Include="TestClient.rc">
      <Filter>Resource</Filter>
    </ResourceCompile>
  </ItemGroup>
  <ItemGroup>
    <None Include="res\TestClient.rc2">
      <Filter>Resource</Filter>
    </None>
  </ItemGroup>
  <ItemGroup>
    <Image Include="res\TestClient.ico">
      <Filter>Resource</Filter>
    </Image>
  </ItemGroup>
</Project>